
Microsoft Visual Studio Solution File, Format Version 12.00
# Visual Studio Version 17
VisualStudioVersion = 17.6.33829.357
MinimumVisualStudioVersion = 10.0.40219.1
Project("{FAE04EC0-301F-11D3-BF4B-00C04F79EFBC}") = "BankCard", "BankCard.csproj", "{D3392734-1317-4E37-8FC1-69979D713A7E}"
EndProject
Global
	GlobalSection(SolutionConfigurationPlatforms) = preSolution
		Debug|Any CPU = Debug|Any CPU
		Release|Any CPU = Release|Any CPU
	EndGlobalSection
	GlobalSection(ProjectConfigurationPlatforms) = postSolution
		{D3392734-1317-4E37-8FC1-69979D713A7E}.Debug|Any CPU.ActiveCfg = Debug|Any CPU
		{D3392734-1317-4E37-8FC1-69979D713A7E}.Debug|Any CPU.Build.0 = Debug|Any CPU
		{D3392734-1317-4E37-8FC1-69979D713A7E}.Release|Any CPU.ActiveCfg = Release|Any CPU
		{D3392734-1317-4E37-8FC1-69979D713A7E}.Release|Any CPU.Build.0 = Release|Any CPU
	EndGlobalSection
	GlobalSection(SolutionProperties) = preSolution
		HideSolutionNode = FALSE
	EndGlobalSection
	GlobalSection(ExtensibilityGlobals) = postSolution
		SolutionGuid = {DB3858FC-58AE-404D-AD25-BC1CBEEB5F79}
	EndGlobalSection
EndGlobal
